
Microsoft Visual Studio Solution File, Format Version 12.00
# Visual Studio Version 17
VisualStudioVersion = 17.9.34714.143
MinimumVisualStudioVersion = 10.0.40219.1
Project("{2150E333-8FDC-42A3-9474-1A3956D46DE8}") = "services", "services", "{2ED87782-2C17-4115-A5FD-E6668C96A12C}"
EndProject
Project("{2150E333-8FDC-42A3-9474-1A3956D46DE8}") = "config", "config", "{0092A06A-602C-4FA4-A9A8-9F40C1D850A4}"
EndProject
Project("{2150E333-8FDC-42A3-9474-1A3956D46DE8}") = "shop", "shop", "{915378DF-F134-4C40-A0AB-985CFE869E08}"
EndProject
Project("{2150E333-8FDC-42A3-9474-1A3956D46DE8}") = "retail", "retail", "{EE442253-2109-4383-93DC-69D09730911F}"
EndProject
Project("{FAE04EC0-301F-11D3-BF4B-00C04F79EFBC}") = "config.api", "services\config\config.api\config.api.csproj", "{43B46C53-4515-4B69-93D0-63DAAF458379}"
EndProject
Project("{FAE04EC0-301F-11D3-BF4B-00C04F79EFBC}") = "config.core", "services\config\config.core\config.core.csproj", "{9E7AF339-4CCF-45CB-84EF-5D1D5BF825F5}"
EndProject
Project("{FAE04EC0-301F-11D3-BF4B-00C04F79EFBC}") = "config.base", "services\config\config.base\config.base.csproj", "{300ECEAD-E740-47D5-8FA2-4374904D8F2D}"
EndProject
Project("{FAE04EC0-301F-11D3-BF4B-00C04F79EFBC}") = "retail.base", "services\retail\retail.base\retail.base.csproj", "{82135A8B-72A6-4512-ABC2-765A7A4EDAB7}"
EndProject
Project("{FAE04EC0-301F-11D3-BF4B-00C04F79EFBC}") = "retail.core", "services\retail\retail.core\retail.core.csproj", "{63F61FB9-68E6-4869-8599-E6808F55E0CD}"
EndProject
Project("{FAE04EC0-301F-11D3-BF4B-00C04F79EFBC}") = "shop.base", "services\shop\shop.base\shop.base.csproj", "{EB37A8F3-1C85-45BD-AA4C-53F1EB117968}"
EndProject
Project("{FAE04EC0-301F-11D3-BF4B-00C04F79EFBC}") = "shop.core", "services\shop\shop.core\shop.core.csproj", "{F76AF986-71EB-4B49-81B0-14F3775FECDD}"
EndProject
Project("{FAE04EC0-301F-11D3-BF4B-00C04F79EFBC}") = "retail.api", "services\retail\retail.api\retail.api.csproj", "{EA2D6C71-F325-4691-B813-77A93567C223}"
EndProject
Project("{FAE04EC0-301F-11D3-BF4B-00C04F79EFBC}") = "shop.api", "services\shop\shop.api\shop.api.csproj", "{3B0DAD31-B4CD-4AD1-9796-6E77659B248B}"
EndProject
Project("{2150E333-8FDC-42A3-9474-1A3956D46DE8}") = "gates", "gates", "{6787B4D0-AF43-4D2A-B44A-8585C856E6BB}"
EndProject
Project("{2150E333-8FDC-42A3-9474-1A3956D46DE8}") = "front", "front", "{248AD170-C95A-48F9-BCE9-9F8D8A3A7358}"
EndProject
Project("{54A90642-561A-4BB1-A94E-469ADEE60C69}") = "ecommerce", "ecommerce\ecommerce.esproj", "{35C4C88F-55D6-4EDD-9A6F-F156D96D924D}"
EndProject
Project("{54A90642-561A-4BB1-A94E-469ADEE60C69}") = "affinity", "affinity\affinity.esproj", "{5FF7C14D-6728-4852-A8E4-C691F0354DD1}"
EndProject
Project("{FAE04EC0-301F-11D3-BF4B-00C04F79EFBC}") = "apigateway", "apigateway\apigateway.csproj", "{895B19ED-5681-4414-93A2-C7BE6CE5F0FA}"
EndProject
Global
	GlobalSection(SolutionConfigurationPlatforms) = preSolution
		Debug|Any CPU = Debug|Any CPU
		Release|Any CPU = Release|Any CPU
	EndGlobalSection
	GlobalSection(ProjectConfigurationPlatforms) = postSolution
		{43B46C53-4515-4B69-93D0-63DAAF458379}.Debug|Any CPU.ActiveCfg = Debug|Any CPU
		{43B46C53-4515-4B69-93D0-63DAAF458379}.Debug|Any CPU.Build.0 = Debug|Any CPU
		{43B46C53-4515-4B69-93D0-63DAAF458379}.Release|Any CPU.ActiveCfg = Release|Any CPU
		{43B46C53-4515-4B69-93D0-63DAAF458379}.Release|Any CPU.Build.0 = Release|Any CPU
		{9E7AF339-4CCF-45CB-84EF-5D1D5BF825F5}.Debug|Any CPU.ActiveCfg = Debug|Any CPU
		{9E7AF339-4CCF-45CB-84EF-5D1D5BF825F5}.Debug|Any CPU.Build.0 = Debug|Any CPU
		{9E7AF339-4CCF-45CB-84EF-5D1D5BF825F5}.Release|Any CPU.ActiveCfg = Release|Any CPU
		{9E7AF339-4CCF-45CB-84EF-5D1D5BF825F5}.Release|Any CPU.Build.0 = Release|Any CPU
		{300ECEAD-E740-47D5-8FA2-4374904D8F2D}.Debug|Any CPU.ActiveCfg = Debug|Any CPU
		{300ECEAD-E740-47D5-8FA2-4374904D8F2D}.Debug|Any CPU.Build.0 = Debug|Any CPU
		{300ECEAD-E740-47D5-8FA2-4374904D8F2D}.Release|Any CPU.ActiveCfg = Release|Any CPU
		{300ECEAD-E740-47D5-8FA2-4374904D8F2D}.Release|Any CPU.Build.0 = Release|Any CPU
		{82135A8B-72A6-4512-ABC2-765A7A4EDAB7}.Debug|Any CPU.ActiveCfg = Debug|Any CPU
		{82135A8B-72A6-4512-ABC2-765A7A4EDAB7}.Debug|Any CPU.Build.0 = Debug|Any CPU
		{82135A8B-72A6-4512-ABC2-765A7A4EDAB7}.Release|Any CPU.ActiveCfg = Release|Any CPU
		{82135A8B-72A6-4512-ABC2-765A7A4EDAB7}.Release|Any CPU.Build.0 = Release|Any CPU
		{63F61FB9-68E6-4869-8599-E6808F55E0CD}.Debug|Any CPU.ActiveCfg = Debug|Any CPU
		{63F61FB9-68E6-4869-8599-E6808F55E0CD}.Debug|Any CPU.Build.0 = Debug|Any CPU
		{63F61FB9-68E6-4869-8599-E6808F55E0CD}.Release|Any CPU.ActiveCfg = Release|Any CPU
		{63F61FB9-68E6-4869-8599-E6808F55E0CD}.Release|Any CPU.Build.0 = Release|Any CPU
		{EB37A8F3-1C85-45BD-AA4C-53F1EB117968}.Debug|Any CPU.ActiveCfg = Debug|Any CPU
		{EB37A8F3-1C85-45BD-AA4C-53F1EB117968}.Debug|Any CPU.Build.0 = Debug|Any CPU
		{EB37A8F3-1C85-45BD-AA4C-53F1EB117968}.Release|Any CPU.ActiveCfg = Release|Any CPU
		{EB37A8F3-1C85-45BD-AA4C-53F1EB117968}.Release|Any CPU.Build.0 = Release|Any CPU
		{F76AF986-71EB-4B49-81B0-14F3775FECDD}.Debug|Any CPU.ActiveCfg = Debug|Any CPU
		{F76AF986-71EB-4B49-81B0-14F3775FECDD}.Debug|Any CPU.Build.0 = Debug|Any CPU
		{F76AF986-71EB-4B49-81B0-14F3775FECDD}.Release|Any CPU.ActiveCfg = Release|Any CPU
		{F76AF986-71EB-4B49-81B0-14F3775FECDD}.Release|Any CPU.Build.0 = Release|Any CPU
		{EA2D6C71-F325-4691-B813-77A93567C223}.Debug|Any CPU.ActiveCfg = Debug|Any CPU
		{EA2D6C71-F325-4691-B813-77A93567C223}.Debug|Any CPU.Build.0 = Debug|Any CPU
		{EA2D6C71-F325-4691-B813-77A93567C223}.Release|Any CPU.ActiveCfg = Release|Any CPU
		{EA2D6C71-F325-4691-B813-77A93567C223}.Release|Any CPU.Build.0 = Release|Any CPU
		{3B0DAD31-B4CD-4AD1-9796-6E77659B248B}.Debug|Any CPU.ActiveCfg = Debug|Any CPU
		{3B0DAD31-B4CD-4AD1-9796-6E77659B248B}.Debug|Any CPU.Build.0 = Debug|Any CPU
		{3B0DAD31-B4CD-4AD1-9796-6E77659B248B}.Release|Any CPU.ActiveCfg = Release|Any CPU
		{3B0DAD31-B4CD-4AD1-9796-6E77659B248B}.Release|Any CPU.Build.0 = Release|Any CPU
		{35C4C88F-55D6-4EDD-9A6F-F156D96D924D}.Debug|Any CPU.ActiveCfg = Debug|Any CPU
		{35C4C88F-55D6-4EDD-9A6F-F156D96D924D}.Debug|Any CPU.Build.0 = Debug|Any CPU
		{35C4C88F-55D6-4EDD-9A6F-F156D96D924D}.Debug|Any CPU.Deploy.0 = Debug|Any CPU
		{35C4C88F-55D6-4EDD-9A6F-F156D96D924D}.Release|Any CPU.ActiveCfg = Release|Any CPU
		{35C4C88F-55D6-4EDD-9A6F-F156D96D924D}.Release|Any CPU.Build.0 = Release|Any CPU
		{35C4C88F-55D6-4EDD-9A6F-F156D96D924D}.Release|Any CPU.Deploy.0 = Release|Any CPU
		{5FF7C14D-6728-4852-A8E4-C691F0354DD1}.Debug|Any CPU.ActiveCfg = Debug|Any CPU
		{5FF7C14D-6728-4852-A8E4-C691F0354DD1}.Debug|Any CPU.Build.0 = Debug|Any CPU
		{5FF7C14D-6728-4852-A8E4-C691F0354DD1}.Debug|Any CPU.Deploy.0 = Debug|Any CPU
		{5FF7C14D-6728-4852-A8E4-C691F0354DD1}.Release|Any CPU.ActiveCfg = Release|Any CPU
		{5FF7C14D-6728-4852-A8E4-C691F0354DD1}.Release|Any CPU.Build.0 = Release|Any CPU
		{5FF7C14D-6728-4852-A8E4-C691F0354DD1}.Release|Any CPU.Deploy.0 = Release|Any CPU
		{895B19ED-5681-4414-93A2-C7BE6CE5F0FA}.Debug|Any CPU.ActiveCfg = Debug|Any CPU
		{895B19ED-5681-4414-93A2-C7BE6CE5F0FA}.Debug|Any CPU.Build.0 = Debug|Any CPU
		{895B19ED-5681-4414-93A2-C7BE6CE5F0FA}.Release|Any CPU.ActiveCfg = Release|Any CPU
		{895B19ED-5681-4414-93A2-C7BE6CE5F0FA}.Release|Any CPU.Build.0 = Release|Any CPU
	EndGlobalSection
	GlobalSection(SolutionProperties) = preSolution
		HideSolutionNode = FALSE
	EndGlobalSection
	GlobalSection(NestedProjects) = preSolution
		{0092A06A-602C-4FA4-A9A8-9F40C1D850A4} = {2ED87782-2C17-4115-A5FD-E6668C96A12C}
		{915378DF-F134-4C40-A0AB-985CFE869E08} = {2ED87782-2C17-4115-A5FD-E6668C96A12C}
		{EE442253-2109-4383-93DC-69D09730911F} = {2ED87782-2C17-4115-A5FD-E6668C96A12C}
		{43B46C53-4515-4B69-93D0-63DAAF458379} = {0092A06A-602C-4FA4-A9A8-9F40C1D850A4}
		{9E7AF339-4CCF-45CB-84EF-5D1D5BF825F5} = {0092A06A-602C-4FA4-A9A8-9F40C1D850A4}
		{300ECEAD-E740-47D5-8FA2-4374904D8F2D} = {0092A06A-602C-4FA4-A9A8-9F40C1D850A4}
		{82135A8B-72A6-4512-ABC2-765A7A4EDAB7} = {EE442253-2109-4383-93DC-69D09730911F}
		{63F61FB9-68E6-4869-8599-E6808F55E0CD} = {EE442253-2109-4383-93DC-69D09730911F}
		{EB37A8F3-1C85-45BD-AA4C-53F1EB117968} = {915378DF-F134-4C40-A0AB-985CFE869E08}
		{F76AF986-71EB-4B49-81B0-14F3775FECDD} = {915378DF-F134-4C40-A0AB-985CFE869E08}
		{EA2D6C71-F325-4691-B813-77A93567C223} = {EE442253-2109-4383-93DC-69D09730911F}
		{3B0DAD31-B4CD-4AD1-9796-6E77659B248B} = {915378DF-F134-4C40-A0AB-985CFE869E08}
		{35C4C88F-55D6-4EDD-9A6F-F156D96D924D} = {248AD170-C95A-48F9-BCE9-9F8D8A3A7358}
		{5FF7C14D-6728-4852-A8E4-C691F0354DD1} = {248AD170-C95A-48F9-BCE9-9F8D8A3A7358}
		{895B19ED-5681-4414-93A2-C7BE6CE5F0FA} = {6787B4D0-AF43-4D2A-B44A-8585C856E6BB}
	EndGlobalSection
	GlobalSection(ExtensibilityGlobals) = postSolution
		SolutionGuid = {36D57C2F-10F3-41A5-9795-070FEFB67AD7}
	EndGlobalSection
EndGlobal
